
Microsoft Visual Studio Solution File, Format Version 12.00
# Visual Studio Version 17
VisualStudioVersion = 17.9.34723.18
MinimumVisualStudioVersion = 10.0.40219.1
Project("{FAE04EC0-301F-11D3-BF4B-00C04F79EFBC}") = "TGBOT", "TGBOT\TGBOT.csproj", "{91337FEC-EF27-467B-9109-C3A6B5D59339}"
EndProject
Global
	GlobalSection(SolutionConfigurationPlatforms) = preSolution
		Debug|Any CPU = Debug|Any CPU
		Release|Any CPU = Release|Any CPU
	EndGlobalSection
	GlobalSection(ProjectConfigurationPlatforms) = postSolution
		{91337FEC-EF27-467B-9109-C3A6B5D59339}.Debug|Any CPU.ActiveCfg = Debug|Any CPU
		{91337FEC-EF27-467B-9109-C3A6B5D59339}.Debug|Any CPU.Build.0 = Debug|Any CPU
		{91337FEC-EF27-467B-9109-C3A6B5D59339}.Release|Any CPU.ActiveCfg = Release|Any CPU
		{91337FEC-EF27-467B-9109-C3A6B5D59339}.Release|Any CPU.Build.0 = Release|Any CPU
	EndGlobalSection
	GlobalSection(SolutionProperties) = preSolution
		HideSolutionNode = FALSE
	EndGlobalSection
	GlobalSection(ExtensibilityGlobals) = postSolution
		SolutionGuid = {08720B61-56FA-467D-913B-9FC465940D71}
	EndGlobalSection
EndGlobal
